
Microsoft Visual Studio Solution File, Format Version 12.00
# Visual Studio Version 16
VisualStudioVersion = 16.0.30413.136
MinimumVisualStudioVersion = 10.0.40219.1
Project("{FAE04EC0-301F-11D3-BF4B-00C04F79EFBC}") = "CreditLimitCalculator", "CreditLimitCalculator\CreditLimitCalculator.csproj", "{75C614A2-A1F9-4E89-A877-E6FFB17B73E6}"
EndProject
Global
	GlobalSection(SolutionConfigurationPlatforms) = preSolution
		Debug|Any CPU = Debug|Any CPU
		Release|Any CPU = Release|Any CPU
	EndGlobalSection
	GlobalSection(ProjectConfigurationPlatforms) = postSolution
		{75C614A2-A1F9-4E89-A877-E6FFB17B73E6}.Debug|Any CPU.ActiveCfg = Debug|Any CPU
		{75C614A2-A1F9-4E89-A877-E6FFB17B73E6}.Debug|Any CPU.Build.0 = Debug|Any CPU
		{75C614A2-A1F9-4E89-A877-E6FFB17B73E6}.Release|Any CPU.ActiveCfg = Release|Any CPU
		{75C614A2-A1F9-4E89-A877-E6FFB17B73E6}.Release|Any CPU.Build.0 = Release|Any CPU
	EndGlobalSection
	GlobalSection(SolutionProperties) = preSolution
		HideSolutionNode = FALSE
	EndGlobalSection
	GlobalSection(ExtensibilityGlobals) = postSolution
		SolutionGuid = {66E5A9E7-8020-4AC9-9AB7-3728F22C89E3}
	EndGlobalSection
EndGlobal
