
Microsoft Visual Studio Solution File, Format Version 12.00
# Visual Studio Version 16
VisualStudioVersion = 16.0.30413.136
MinimumVisualStudioVersion = 10.0.40219.1
Project("{FAE04EC0-301F-11D3-BF4B-00C04F79EFBC}") = "Loop1", "Loop1\Loop1.csproj", "{AA118D72-B275-4926-B32D-5E4E1A1C7973}"
EndProject
Global
	GlobalSection(SolutionConfigurationPlatforms) = preSolution
		Debug|Any CPU = Debug|Any CPU
		Release|Any CPU = Release|Any CPU
	EndGlobalSection
	GlobalSection(ProjectConfigurationPlatforms) = postSolution
		{AA118D72-B275-4926-B32D-5E4E1A1C7973}.Debug|Any CPU.ActiveCfg = Debug|Any CPU
		{AA118D72-B275-4926-B32D-5E4E1A1C7973}.Debug|Any CPU.Build.0 = Debug|Any CPU
		{AA118D72-B275-4926-B32D-5E4E1A1C7973}.Release|Any CPU.ActiveCfg = Release|Any CPU
		{AA118D72-B275-4926-B32D-5E4E1A1C7973}.Release|Any CPU.Build.0 = Release|Any CPU
	EndGlobalSection
	GlobalSection(SolutionProperties) = preSolution
		HideSolutionNode = FALSE
	EndGlobalSection
	GlobalSection(ExtensibilityGlobals) = postSolution
		SolutionGuid = {FDF02009-E4ED-41E0-9AB4-DA83D763B34D}
	EndGlobalSection
EndGlobal
